// !$*UTF8*$!
{
	archiveVersion = 1;
	classes = {
	};
	objectVersion = 52;
	objects = {

/* Begin PBXBuildFile section */
		CE357BF024D4592900D55B3E /* DownloadState.swift in Sources */ = {isa = PBXBuildFile; fileRef = CE357BEF24D4592900D55B3E /* DownloadState.swift */; };
		CE7EC86224DB07A4009CE7D7 /* Pagination.swift in Sources */ = {isa = PBXBuildFile; fileRef = CE7EC86124DB07A4009CE7D7 /* Pagination.swift */; };
		CE8176D32493CD50002565B0 /* AppDelegate.swift in Sources */ = {isa = PBXBuildFile; fileRef = CE8176D22493CD50002565B0 /* AppDelegate.swift */; };
		CE8176D52493CD50002565B0 /* ContentView.swift in Sources */ = {isa = PBXBuildFile; fileRef = CE8176D42493CD50002565B0 /* ContentView.swift */; };
		CE8176D72493CD51002565B0 /* Assets.xcassets in Resources */ = {isa = PBXBuildFile; fileRef = CE8176D62493CD51002565B0 /* Assets.xcassets */; };
		CE8176DA2493CD51002565B0 /* Preview Assets.xcassets in Resources */ = {isa = PBXBuildFile; fileRef = CE8176D92493CD51002565B0 /* Preview Assets.xcassets */; };
		CE8176DD2493CD51002565B0 /* Main.storyboard in Resources */ = {isa = PBXBuildFile; fileRef = CE8176DB2493CD51002565B0 /* Main.storyboard */; };
		CE8176E72493CDB3002565B0 /* MainHeader.swift in Sources */ = {isa = PBXBuildFile; fileRef = CE8176E62493CDB3002565B0 /* MainHeader.swift */; };
		CE85F26524AB8C57001BEC83 /* Color.swift in Sources */ = {isa = PBXBuildFile; fileRef = CE85F26424AB8C57001BEC83 /* Color.swift */; };
		CEAA57A624C1D65100FA3E00 /* DesktopWindowController.swift in Sources */ = {isa = PBXBuildFile; fileRef = CEAA57A524C1D65100FA3E00 /* DesktopWindowController.swift */; };
		CEAA57B224C86C6E00FA3E00 /* LatestContentView.swift in Sources */ = {isa = PBXBuildFile; fileRef = CEAA57B124C86C6E00FA3E00 /* LatestContentView.swift */; };
		CEAA57B424C86C8500FA3E00 /* ToplistContentView.swift in Sources */ = {isa = PBXBuildFile; fileRef = CEAA57B324C86C8500FA3E00 /* ToplistContentView.swift */; };
		CEAA57B624C86C9700FA3E00 /* RandomContentView.swift in Sources */ = {isa = PBXBuildFile; fileRef = CEAA57B524C86C9700FA3E00 /* RandomContentView.swift */; };
		CEAA57B824C86CAF00FA3E00 /* UploadContentView.swift in Sources */ = {isa = PBXBuildFile; fileRef = CEAA57B724C86CAF00FA3E00 /* UploadContentView.swift */; };
		CEAA57BA24C86CBF00FA3E00 /* DesignContentView.swift in Sources */ = {isa = PBXBuildFile; fileRef = CEAA57B924C86CBF00FA3E00 /* DesignContentView.swift */; };
		CEAA57BC24C86CD200FA3E00 /* AdvanceContentView.swift in Sources */ = {isa = PBXBuildFile; fileRef = CEAA57BB24C86CD200FA3E00 /* AdvanceContentView.swift */; };
		CEDCABF02498E3A7003609C1 /* SDWebImageSwiftUI in Frameworks */ = {isa = PBXBuildFile; productRef = CEDCABEF2498E3A7003609C1 /* SDWebImageSwiftUI */; };
		CEDCABF32498E3F2003609C1 /* ImagePanel.swift in Sources */ = {isa = PBXBuildFile; fileRef = CEDCABF22498E3F2003609C1 /* ImagePanel.swift */; };
		CEDCABF6249A442A003609C1 /* Alamofire in Frameworks */ = {isa = PBXBuildFile; productRef = CEDCABF5249A442A003609C1 /* Alamofire */; };
		CEDCAC0F249D114A003609C1 /* QueryResponse.swift in Sources */ = {isa = PBXBuildFile; fileRef = CEDCAC09249D1149003609C1 /* QueryResponse.swift */; };
		CEDCAC10249D114A003609C1 /* WallHavenMeta.swift in Sources */ = {isa = PBXBuildFile; fileRef = CEDCAC0B249D114A003609C1 /* WallHavenMeta.swift */; };
		CEDCAC11249D114A003609C1 /* WallHavenImage.swift in Sources */ = {isa = PBXBuildFile; fileRef = CEDCAC0C249D114A003609C1 /* WallHavenImage.swift */; };
		CEDCAC13249D114A003609C1 /* WallHavenImageRepository.swift in Sources */ = {isa = PBXBuildFile; fileRef = CEDCAC0E249D114A003609C1 /* WallHavenImageRepository.swift */; };
		CEDCAC17249D1406003609C1 /* data.json in Resources */ = {isa = PBXBuildFile; fileRef = CEDCAC16249D1406003609C1 /* data.json */; };
		CEDCAC1A249F016A003609C1 /* RandomAccessCollection.swift in Sources */ = {isa = PBXBuildFile; fileRef = CEDCAC19249F016A003609C1 /* RandomAccessCollection.swift */; };
		CEDCAC1C249F1E2D003609C1 /* ImageLine.swift in Sources */ = {isa = PBXBuildFile; fileRef = CEDCAC1B249F1E2D003609C1 /* ImageLine.swift */; };
		CEDCAC1E249F1ECF003609C1 /* QueryParameter.swift in Sources */ = {isa = PBXBuildFile; fileRef = CEDCAC1D249F1ECF003609C1 /* QueryParameter.swift */; };
		CEDCAC22249F8A8C003609C1 /* ImageState.swift in Sources */ = {isa = PBXBuildFile; fileRef = CEDCAC21249F8A8C003609C1 /* ImageState.swift */; };
		CEDCAC2524A0F025003609C1 /* AboutWindowController.swift in Sources */ = {isa = PBXBuildFile; fileRef = CEDCAC2424A0F025003609C1 /* AboutWindowController.swift */; };
		CEDCAC2724A0F7BE003609C1 /* AboutContentView.swift in Sources */ = {isa = PBXBuildFile; fileRef = CEDCAC2624A0F7BE003609C1 /* AboutContentView.swift */; };
		CEF82BD82494CA4900610250 /* MainFooter.swift in Sources */ = {isa = PBXBuildFile; fileRef = CEF82BD72494CA4900610250 /* MainFooter.swift */; };
		CEF82BDA2494E3DC00610250 /* FilterContentView.swift in Sources */ = {isa = PBXBuildFile; fileRef = CEF82BD92494E3DC00610250 /* FilterContentView.swift */; };
		CEF82BDE2494FD7800610250 /* FilterHeader.swift in Sources */ = {isa = PBXBuildFile; fileRef = CEF82BDD2494FD7800610250 /* FilterHeader.swift */; };
		CEF82BE02495125B00610250 /* MainContentView.swift in Sources */ = {isa = PBXBuildFile; fileRef = CEF82BDF2495125B00610250 /* MainContentView.swift */; };
		CEF82BE32495136100610250 /* ViewState.swift in Sources */ = {isa = PBXBuildFile; fileRef = CEF82BE22495136100610250 /* ViewState.swift */; };
		CEF82BE82495316400610250 /* QueryContentView.swift in Sources */ = {isa = PBXBuildFile; fileRef = CEF82BE72495316400610250 /* QueryContentView.swift */; };
		CEF82BEA2495317300610250 /* DesktopContentView.swift in Sources */ = {isa = PBXBuildFile; fileRef = CEF82BE92495317300610250 /* DesktopContentView.swift */; };
		CEFE28CD24A2486800BBFBAC /* ImageRepository.swift in Sources */ = {isa = PBXBuildFile; fileRef = CEFE28CC24A2486800BBFBAC /* ImageRepository.swift */; };
		CEFE28CF24A2584800BBFBAC /* IHavenContext.swift in Sources */ = {isa = PBXBuildFile; fileRef = CEFE28CE24A2584800BBFBAC /* IHavenContext.swift */; };
		CEFE28D124A4B9EC00BBFBAC /* LoadingPanel.swift in Sources */ = {isa = PBXBuildFile; fileRef = CEFE28D024A4B9EC00BBFBAC /* LoadingPanel.swift */; };
		CEFE28D324A8F31C00BBFBAC /* CheckableButton.swift in Sources */ = {isa = PBXBuildFile; fileRef = CEFE28D224A8F31C00BBFBAC /* CheckableButton.swift */; };
/* End PBXBuildFile section */

/* Begin PBXFileReference section */
		CE357BEF24D4592900D55B3E /* DownloadState.swift */ = {isa = PBXFileReference; lastKnownFileType = sourcecode.swift; path = DownloadState.swift; sourceTree = "<group>"; };
		CE7EC86124DB07A4009CE7D7 /* Pagination.swift */ = {isa = PBXFileReference; lastKnownFileType = sourcecode.swift; path = Pagination.swift; sourceTree = "<group>"; };
		CE8176CF2493CD50002565B0 /* IHaven.app */ = {isa = PBXFileReference; explicitFileType = wrapper.application; includeInIndex = 0; path = IHaven.app; sourceTree = BUILT_PRODUCTS_DIR; };
		CE8176D22493CD50002565B0 /* AppDelegate.swift */ = {isa = PBXFileReference; lastKnownFileType = sourcecode.swift; path = AppDelegate.swift; sourceTree = "<group>"; };
		CE8176D42493CD50002565B0 /* ContentView.swift */ = {isa = PBXFileReference; lastKnownFileType = sourcecode.swift; path = ContentView.swift; sourceTree = "<group>"; };
		CE8176D62493CD51002565B0 /* Assets.xcassets */ = {isa = PBXFileReference; lastKnownFileType = folder.assetcatalog; path = Assets.xcassets; sourceTree = "<group>"; };
		CE8176D92493CD51002565B0 /* Preview Assets.xcassets */ = {isa = PBXFileReference; lastKnownFileType = folder.assetcatalog; path = "Preview Assets.xcassets"; sourceTree = "<group>"; };
		CE8176DC2493CD51002565B0 /* Base */ = {isa = PBXFileReference; lastKnownFileType = file.storyboard; name = Base; path = Base.lproj/Main.storyboard; sourceTree = "<group>"; };
		CE8176DE2493CD51002565B0 /* Info.plist */ = {isa = PBXFileReference; lastKnownFileType = text.plist.xml; path = Info.plist; sourceTree = "<group>"; };
		CE8176DF2493CD51002565B0 /* IHaven.entitlements */ = {isa = PBXFileReference; lastKnownFileType = text.plist.entitlements; path = IHaven.entitlements; sourceTree = "<group>"; };
		CE8176E62493CDB3002565B0 /* MainHeader.swift */ = {isa = PBXFileReference; lastKnownFileType = sourcecode.swift; path = MainHeader.swift; sourceTree = "<group>"; };
		CE85F26424AB8C57001BEC83 /* Color.swift */ = {isa = PBXFileReference; lastKnownFileType = sourcecode.swift; path = Color.swift; sourceTree = "<group>"; };
		CEAA57A524C1D65100FA3E00 /* DesktopWindowController.swift */ = {isa = PBXFileReference; lastKnownFileType = sourcecode.swift; path = DesktopWindowController.swift; sourceTree = "<group>"; };
		CEAA57B124C86C6E00FA3E00 /* LatestContentView.swift */ = {isa = PBXFileReference; lastKnownFileType = sourcecode.swift; path = LatestContentView.swift; sourceTree = "<group>"; };
		CEAA57B324C86C8500FA3E00 /* ToplistContentView.swift */ = {isa = PBXFileReference; lastKnownFileType = sourcecode.swift; path = ToplistContentView.swift; sourceTree = "<group>"; };
		CEAA57B524C86C9700FA3E00 /* RandomContentView.swift */ = {isa = PBXFileReference; lastKnownFileType = sourcecode.swift; path = RandomContentView.swift; sourceTree = "<group>"; };
		CEAA57B724C86CAF00FA3E00 /* UploadContentView.swift */ = {isa = PBXFileReference; lastKnownFileType = sourcecode.swift; path = UploadContentView.swift; sourceTree = "<group>"; };
		CEAA57B924C86CBF00FA3E00 /* DesignContentView.swift */ = {isa = PBXFileReference; lastKnownFileType = sourcecode.swift; path = DesignContentView.swift; sourceTree = "<group>"; };
		CEAA57BB24C86CD200FA3E00 /* AdvanceContentView.swift */ = {isa = PBXFileReference; lastKnownFileType = sourcecode.swift; path = AdvanceContentView.swift; sourceTree = "<group>"; };
		CEDCABF22498E3F2003609C1 /* ImagePanel.swift */ = {isa = PBXFileReference; lastKnownFileType = sourcecode.swift; path = ImagePanel.swift; sourceTree = "<group>"; };
		CEDCAC09249D1149003609C1 /* QueryResponse.swift */ = {isa = PBXFileReference; fileEncoding = 4; lastKnownFileType = sourcecode.swift; path = QueryResponse.swift; sourceTree = "<group>"; };
		CEDCAC0B249D114A003609C1 /* WallHavenMeta.swift */ = {isa = PBXFileReference; fileEncoding = 4; lastKnownFileType = sourcecode.swift; path = WallHavenMeta.swift; sourceTree = "<group>"; };
		CEDCAC0C249D114A003609C1 /* WallHavenImage.swift */ = {isa = PBXFileReference; fileEncoding = 4; lastKnownFileType = sourcecode.swift; path = WallHavenImage.swift; sourceTree = "<group>"; };
		CEDCAC0E249D114A003609C1 /* WallHavenImageRepository.swift */ = {isa = PBXFileReference; fileEncoding = 4; lastKnownFileType = sourcecode.swift; path = WallHavenImageRepository.swift; sourceTree = "<group>"; };
		CEDCAC16249D1406003609C1 /* data.json */ = {isa = PBXFileReference; lastKnownFileType = text.json; path = data.json; sourceTree = "<group>"; };
		CEDCAC19249F016A003609C1 /* RandomAccessCollection.swift */ = {isa = PBXFileReference; lastKnownFileType = sourcecode.swift; path = RandomAccessCollection.swift; sourceTree = "<group>"; };
		CEDCAC1B249F1E2D003609C1 /* ImageLine.swift */ = {isa = PBXFileReference; lastKnownFileType = sourcecode.swift; path = ImageLine.swift; sourceTree = "<group>"; };
		CEDCAC1D249F1ECF003609C1 /* QueryParameter.swift */ = {isa = PBXFileReference; lastKnownFileType = sourcecode.swift; path = QueryParameter.swift; sourceTree = "<group>"; };
		CEDCAC21249F8A8C003609C1 /* ImageState.swift */ = {isa = PBXFileReference; lastKnownFileType = sourcecode.swift; path = ImageState.swift; sourceTree = "<group>"; };
		CEDCAC2424A0F025003609C1 /* AboutWindowController.swift */ = {isa = PBXFileReference; lastKnownFileType = sourcecode.swift; path = AboutWindowController.swift; sourceTree = "<group>"; };
		CEDCAC2624A0F7BE003609C1 /* AboutContentView.swift */ = {isa = PBXFileReference; lastKnownFileType = sourcecode.swift; path = AboutContentView.swift; sourceTree = "<group>"; };
		CEF82BD72494CA4900610250 /* MainFooter.swift */ = {isa = PBXFileReference; lastKnownFileType = sourcecode.swift; path = MainFooter.swift; sourceTree = "<group>"; };
		CEF82BD92494E3DC00610250 /* FilterContentView.swift */ = {isa = PBXFileReference; lastKnownFileType = sourcecode.swift; path = FilterContentView.swift; sourceTree = "<group>"; };
		CEF82BDD2494FD7800610250 /* FilterHeader.swift */ = {isa = PBXFileReference; lastKnownFileType = sourcecode.swift; path = FilterHeader.swift; sourceTree = "<group>"; };
		CEF82BDF2495125B00610250 /* MainContentView.swift */ = {isa = PBXFileReference; lastKnownFileType = sourcecode.swift; path = MainContentView.swift; sourceTree = "<group>"; };
		CEF82BE22495136100610250 /* ViewState.swift */ = {isa = PBXFileReference; lastKnownFileType = sourcecode.swift; path = ViewState.swift; sourceTree = "<group>"; };
		CEF82BE72495316400610250 /* QueryContentView.swift */ = {isa = PBXFileReference; lastKnownFileType = sourcecode.swift; path = QueryContentView.swift; sourceTree = "<group>"; };
		CEF82BE92495317300610250 /* DesktopContentView.swift */ = {isa = PBXFileReference; lastKnownFileType = sourcecode.swift; path = DesktopContentView.swift; sourceTree = "<group>"; };
		CEFE28CC24A2486800BBFBAC /* ImageRepository.swift */ = {isa = PBXFileReference; lastKnownFileType = sourcecode.swift; path = ImageRepository.swift; sourceTree = "<group>"; };
		CEFE28CE24A2584800BBFBAC /* IHavenContext.swift */ = {isa = PBXFileReference; lastKnownFileType = sourcecode.swift; path = IHavenContext.swift; sourceTree = "<group>"; };
		CEFE28D024A4B9EC00BBFBAC /* LoadingPanel.swift */ = {isa = PBXFileReference; lastKnownFileType = sourcecode.swift; path = LoadingPanel.swift; sourceTree = "<group>"; };
		CEFE28D224A8F31C00BBFBAC /* CheckableButton.swift */ = {isa = PBXFileReference; lastKnownFileType = sourcecode.swift; path = CheckableButton.swift; sourceTree = "<group>"; };
/* End PBXFileReference section */

/* Begin PBXFrameworksBuildPhase section */
		CE8176CC2493CD50002565B0 /* Frameworks */ = {
			isa = PBXFrameworksBuildPhase;
			buildActionMask = 2147483647;
			files = (
				CEDCABF02498E3A7003609C1 /* SDWebImageSwiftUI in Frameworks */,
				CEDCABF6249A442A003609C1 /* Alamofire in Frameworks */,
			);
			runOnlyForDeploymentPostprocessing = 0;
		};
/* End PBXFrameworksBuildPhase section */

/* Begin PBXGroup section */
		CE09F1B42497BD460027F01A /* Extend */ = {
			isa = PBXGroup;
			children = (
				CEDCAC19249F016A003609C1 /* RandomAccessCollection.swift */,
				CE85F26424AB8C57001BEC83 /* Color.swift */,
			);
			path = Extend;
			sourceTree = "<group>";
		};
		CE0ABAD824DEA90000D110AE /* Pagination */ = {
			isa = PBXGroup;
			children = (
			);
			path = Pagination;
			sourceTree = "<group>";
		};
		CE8176C62493CD50002565B0 = {
			isa = PBXGroup;
			children = (
				CE8176D12493CD50002565B0 /* IHaven */,
				CE8176D02493CD50002565B0 /* Products */,
			);
			sourceTree = "<group>";
		};
		CE8176D02493CD50002565B0 /* Products */ = {
			isa = PBXGroup;
			children = (
				CE8176CF2493CD50002565B0 /* IHaven.app */,
			);
			name = Products;
			sourceTree = "<group>";
		};
		CE8176D12493CD50002565B0 /* IHaven */ = {
			isa = PBXGroup;
			children = (
				CEDCAC18249D1480003609C1 /* testdata */,
				CE09F1B42497BD460027F01A /* Extend */,
				CEF82BE12495131D00610250 /* Struct */,
				CEF82BE424952AC700610250 /* Resource */,
				CE8176E52493CD96002565B0 /* Views */,
				CE8176D22493CD50002565B0 /* AppDelegate.swift */,
				CE8176D42493CD50002565B0 /* ContentView.swift */,
				CE8176D62493CD51002565B0 /* Assets.xcassets */,
				CE8176DB2493CD51002565B0 /* Main.storyboard */,
				CE8176DE2493CD51002565B0 /* Info.plist */,
				CE8176DF2493CD51002565B0 /* IHaven.entitlements */,
				CE8176D82493CD51002565B0 /* Preview Content */,
			);
			path = IHaven;
			sourceTree = "<group>";
		};
		CE8176D82493CD51002565B0 /* Preview Content */ = {
			isa = PBXGroup;
			children = (
				CE8176D92493CD51002565B0 /* Preview Assets.xcassets */,
			);
			path = "Preview Content";
			sourceTree = "<group>";
		};
		CE8176E52493CD96002565B0 /* Views */ = {
			isa = PBXGroup;
			children = (
				CEDCAC2324A0F00D003609C1 /* About */,
				CEDCABF12498E3D1003609C1 /* Panel */,
				CEF82BE62495314200610250 /* Desktop */,
				CEF82BE52495313A00610250 /* Query */,
				CEF82BDC2494FD5800610250 /* Filter */,
				CEF82BDB2494FD4000610250 /* Main */,
			);
			path = Views;
			sourceTree = "<group>";
		};
		CEAA57AB24C86B0F00FA3E00 /* Latest */ = {
			isa = PBXGroup;
			children = (
				CEAA57B124C86C6E00FA3E00 /* LatestContentView.swift */,
			);
			path = Latest;
			sourceTree = "<group>";
		};
		CEAA57AC24C86B2B00FA3E00 /* Toplist */ = {
			isa = PBXGroup;
			children = (
				CEAA57B324C86C8500FA3E00 /* ToplistContentView.swift */,
			);
			path = Toplist;
			sourceTree = "<group>";
		};
		CEAA57AD24C86C1400FA3E00 /* Random */ = {
			isa = PBXGroup;
			children = (
				CEAA57B524C86C9700FA3E00 /* RandomContentView.swift */,
			);
			path = Random;
			sourceTree = "<group>";
		};
		CEAA57AE24C86C1F00FA3E00 /* Upload */ = {
			isa = PBXGroup;
			children = (
				CEAA57B724C86CAF00FA3E00 /* UploadContentView.swift */,
			);
			path = Upload;
			sourceTree = "<group>";
		};
		CEAA57AF24C86C2800FA3E00 /* Design */ = {
			isa = PBXGroup;
			children = (
				CEAA57B924C86CBF00FA3E00 /* DesignContentView.swift */,
			);
			path = Design;
			sourceTree = "<group>";
		};
		CEAA57B024C86C2E00FA3E00 /* Advance */ = {
			isa = PBXGroup;
			children = (
				CEAA57BB24C86CD200FA3E00 /* AdvanceContentView.swift */,
			);
			path = Advance;
			sourceTree = "<group>";
		};
		CEDCABF12498E3D1003609C1 /* Panel */ = {
			isa = PBXGroup;
			children = (
				CE0ABAD824DEA90000D110AE /* Pagination */,
				CEDCABF22498E3F2003609C1 /* ImagePanel.swift */,
				CEDCAC1B249F1E2D003609C1 /* ImageLine.swift */,
				CEFE28CC24A2486800BBFBAC /* ImageRepository.swift */,
				CEFE28D024A4B9EC00BBFBAC /* LoadingPanel.swift */,
				CE7EC86124DB07A4009CE7D7 /* Pagination.swift */,
			);
			path = Panel;
			sourceTree = "<group>";
		};
		CEDCAC0A249D114A003609C1 /* WallHaven */ = {
			isa = PBXGroup;
			children = (
				CEDCAC0C249D114A003609C1 /* WallHavenImage.swift */,
				CEDCAC0E249D114A003609C1 /* WallHavenImageRepository.swift */,
				CEDCAC0B249D114A003609C1 /* WallHavenMeta.swift */,
				CEDCAC09249D1149003609C1 /* QueryResponse.swift */,
				CEDCAC1D249F1ECF003609C1 /* QueryParameter.swift */,
			);
			path = WallHaven;
			sourceTree = "<group>";
		};
		CEDCAC18249D1480003609C1 /* testdata */ = {
			isa = PBXGroup;
			children = (
				CEDCAC16249D1406003609C1 /* data.json */,
			);
			path = testdata;
			sourceTree = "<group>";
		};
		CEDCAC2324A0F00D003609C1 /* About */ = {
			isa = PBXGroup;
			children = (
				CEDCAC2424A0F025003609C1 /* AboutWindowController.swift */,
				CEDCAC2624A0F7BE003609C1 /* AboutContentView.swift */,
			);
			path = About;
			sourceTree = "<group>";
		};
		CEF82BDB2494FD4000610250 /* Main */ = {
			isa = PBXGroup;
			children = (
				CE8176E62493CDB3002565B0 /* MainHeader.swift */,
				CEF82BD72494CA4900610250 /* MainFooter.swift */,
				CEF82BDF2495125B00610250 /* MainContentView.swift */,
			);
			path = Main;
			sourceTree = "<group>";
		};
		CEF82BDC2494FD5800610250 /* Filter */ = {
			isa = PBXGroup;
			children = (
				CEF82BD92494E3DC00610250 /* FilterContentView.swift */,
				CEF82BDD2494FD7800610250 /* FilterHeader.swift */,
				CEFE28D224A8F31C00BBFBAC /* CheckableButton.swift */,
			);
			path = Filter;
			sourceTree = "<group>";
		};
		CEF82BE12495131D00610250 /* Struct */ = {
			isa = PBXGroup;
			children = (
				CEF82BE22495136100610250 /* ViewState.swift */,
				CEDCAC21249F8A8C003609C1 /* ImageState.swift */,
				CEFE28CE24A2584800BBFBAC /* IHavenContext.swift */,
				CE357BEF24D4592900D55B3E /* DownloadState.swift */,
			);
			path = Struct;
			sourceTree = "<group>";
		};
		CEF82BE424952AC700610250 /* Resource */ = {
			isa = PBXGroup;
			children = (
				CEDCAC0A249D114A003609C1 /* WallHaven */,
			);
			path = Resource;
			sourceTree = "<group>";
		};
		CEF82BE52495313A00610250 /* Query */ = {
			isa = PBXGroup;
			children = (
				CEF82BE72495316400610250 /* QueryContentView.swift */,
			);
			path = Query;
			sourceTree = "<group>";
		};
		CEF82BE62495314200610250 /* Desktop */ = {
			isa = PBXGroup;
			children = (
				CEAA57AB24C86B0F00FA3E00 /* Latest */,
				CEAA57AC24C86B2B00FA3E00 /* Toplist */,
				CEAA57AD24C86C1400FA3E00 /* Random */,
				CEAA57AE24C86C1F00FA3E00 /* Upload */,
				CEAA57AF24C86C2800FA3E00 /* Design */,
				CEAA57B024C86C2E00FA3E00 /* Advance */,
				CEF82BE92495317300610250 /* DesktopContentView.swift */,
				CEAA57A524C1D65100FA3E00 /* DesktopWindowController.swift */,
			);
			path = Desktop;
			sourceTree = "<group>";
		};
/* End PBXGroup section */

/* Begin PBXNativeTarget section */
		CE8176CE2493CD50002565B0 /* IHaven */ = {
			isa = PBXNativeTarget;
			buildConfigurationList = CE8176E22493CD51002565B0 /* Build configuration list for PBXNativeTarget "IHaven" */;
			buildPhases = (
				CE8176CB2493CD50002565B0 /* Sources */,
				CE8176CC2493CD50002565B0 /* Frameworks */,
				CE8176CD2493CD50002565B0 /* Resources */,
			);
			buildRules = (
			);
			dependencies = (
			);
			name = IHaven;
			packageProductDependencies = (
				CEDCABEF2498E3A7003609C1 /* SDWebImageSwiftUI */,
				CEDCABF5249A442A003609C1 /* Alamofire */,
			);
			productName = IHaven;
			productReference = CE8176CF2493CD50002565B0 /* IHaven.app */;
			productType = "com.apple.product-type.application";
		};
/* End PBXNativeTarget section */

/* Begin PBXProject section */
		CE8176C72493CD50002565B0 /* Project object */ = {
			isa = PBXProject;
			attributes = {
				LastSwiftUpdateCheck = 1150;
				LastUpgradeCheck = 1160;
				ORGANIZATIONNAME = "梁霄";
				TargetAttributes = {
					CE8176CE2493CD50002565B0 = {
						CreatedOnToolsVersion = 11.5;
					};
				};
			};
			buildConfigurationList = CE8176CA2493CD50002565B0 /* Build configuration list for PBXProject "IHaven" */;
			compatibilityVersion = "Xcode 9.3";
			developmentRegion = en;
			hasScannedForEncodings = 0;
			knownRegions = (
				en,
				Base,
			);
			mainGroup = CE8176C62493CD50002565B0;
			packageReferences = (
				CEDCABEE2498E3A7003609C1 /* XCRemoteSwiftPackageReference "SDWebImageSwiftUI" */,
				CEDCABF4249A442A003609C1 /* XCRemoteSwiftPackageReference "Alamofire" */,
			);
			productRefGroup = CE8176D02493CD50002565B0 /* Products */;
			projectDirPath = "";
			projectRoot = "";
			targets = (
				CE8176CE2493CD50002565B0 /* IHaven */,
			);
		};
/* End PBXProject section */

/* Begin PBXResourcesBuildPhase section */
		CE8176CD2493CD50002565B0 /* Resources */ = {
			isa = PBXResourcesBuildPhase;
			buildActionMask = 2147483647;
			files = (
				CE8176DD2493CD51002565B0 /* Main.storyboard in Resources */,
				CE8176DA2493CD51002565B0 /* Preview Assets.xcassets in Resources */,
				CEDCAC17249D1406003609C1 /* data.json in Resources */,
				CE8176D72493CD51002565B0 /* Assets.xcassets in Resources */,
			);
			runOnlyForDeploymentPostprocessing = 0;
		};
/* End PBXResourcesBuildPhase section */

/* Begin PBXSourcesBuildPhase section */
		CE8176CB2493CD50002565B0 /* Sources */ = {
			isa = PBXSourcesBuildPhase;
			buildActionMask = 2147483647;
			files = (
				CE8176D52493CD50002565B0 /* ContentView.swift in Sources */,
				CEDCABF32498E3F2003609C1 /* ImagePanel.swift in Sources */,
				CEAA57BA24C86CBF00FA3E00 /* DesignContentView.swift in Sources */,
				CEDCAC0F249D114A003609C1 /* QueryResponse.swift in Sources */,
				CEF82BEA2495317300610250 /* DesktopContentView.swift in Sources */,
				CEDCAC13249D114A003609C1 /* WallHavenImageRepository.swift in Sources */,
				CEAA57B224C86C6E00FA3E00 /* LatestContentView.swift in Sources */,
				CE8176E72493CDB3002565B0 /* MainHeader.swift in Sources */,
				CEAA57A624C1D65100FA3E00 /* DesktopWindowController.swift in Sources */,
				CEDCAC1A249F016A003609C1 /* RandomAccessCollection.swift in Sources */,
				CEF82BD82494CA4900610250 /* MainFooter.swift in Sources */,
				CE8176D32493CD50002565B0 /* AppDelegate.swift in Sources */,
				CEF82BDE2494FD7800610250 /* FilterHeader.swift in Sources */,
				CE357BF024D4592900D55B3E /* DownloadState.swift in Sources */,
				CEDCAC10249D114A003609C1 /* WallHavenMeta.swift in Sources */,
				CEFE28D124A4B9EC00BBFBAC /* LoadingPanel.swift in Sources */,
				CEF82BDA2494E3DC00610250 /* FilterContentView.swift in Sources */,
				CE7EC86224DB07A4009CE7D7 /* Pagination.swift in Sources */,
				CEFE28D324A8F31C00BBFBAC /* CheckableButton.swift in Sources */,
				CEAA57BC24C86CD200FA3E00 /* AdvanceContentView.swift in Sources */,
				CEDCAC11249D114A003609C1 /* WallHavenImage.swift in Sources */,
				CEF82BE32495136100610250 /* ViewState.swift in Sources */,
				CEF82BE82495316400610250 /* QueryContentView.swift in Sources */,
				CE85F26524AB8C57001BEC83 /* Color.swift in Sources */,
				CEAA57B824C86CAF00FA3E00 /* UploadContentView.swift in Sources */,
				CEDCAC22249F8A8C003609C1 /* ImageState.swift in Sources */,
				CEF82BE02495125B00610250 /* MainContentView.swift in Sources */,
				CEDCAC2724A0F7BE003609C1 /* AboutContentView.swift in Sources */,
				CEDCAC1E249F1ECF003609C1 /* QueryParameter.swift in Sources */,
				CEAA57B424C86C8500FA3E00 /* ToplistContentView.swift in Sources */,
				CEAA57B624C86C9700FA3E00 /* RandomContentView.swift in Sources */,
				CEDCAC2524A0F025003609C1 /* AboutWindowController.swift in Sources */,
				CEFE28CD24A2486800BBFBAC /* ImageRepository.swift in Sources */,
				CEFE28CF24A2584800BBFBAC /* IHavenContext.swift in Sources */,
				CEDCAC1C249F1E2D003609C1 /* ImageLine.swift in Sources */,
			);
			runOnlyForDeploymentPostprocessing = 0;
		};
/* End PBXSourcesBuildPhase section */

/* Begin PBXVariantGroup section */
		CE8176DB2493CD51002565B0 /* Main.storyboard */ = {
			isa = PBXVariantGroup;
			children = (
				CE8176DC2493CD51002565B0 /* Base */,
			);
			name = Main.storyboard;
			sourceTree = "<group>";
		};
/* End PBXVariantGroup section */

/* Begin XCBuildConfiguration section */
		CE8176E02493CD51002565B0 /* Debug */ = {
			isa = XCBuildConfiguration;
			buildSettings = {
				ALWAYS_SEARCH_USER_PATHS = NO;
				CLANG_ANALYZER_NONNULL = YES;
				CLANG_ANALYZER_NUMBER_OBJECT_CONVERSION = YES_AGGRESSIVE;
				CLANG_CXX_LANGUAGE_STANDARD = "gnu++14";
				CLANG_CXX_LIBRARY = "libc++";
				CLANG_ENABLE_MODULES = YES;
				CLANG_ENABLE_OBJC_ARC = YES;
				CLANG_ENABLE_OBJC_WEAK = YES;
				CLANG_WARN_BLOCK_CAPTURE_AUTORELEASING = YES;
				CLANG_WARN_BOOL_CONVERSION = YES;
				CLANG_WARN_COMMA = YES;
				CLANG_WARN_CONSTANT_CONVERSION = YES;
				CLANG_WARN_DEPRECATED_OBJC_IMPLEMENTATIONS = YES;
				CLANG_WARN_DIRECT_OBJC_ISA_USAGE = YES_ERROR;
				CLANG_WARN_DOCUMENTATION_COMMENTS = YES;
				CLANG_WARN_EMPTY_BODY = YES;
				CLANG_WARN_ENUM_CONVERSION = YES;
				CLANG_WARN_INFINITE_RECURSION = YES;
				CLANG_WARN_INT_CONVERSION = YES;
				CLANG_WARN_NON_LITERAL_NULL_CONVERSION = YES;
				CLANG_WARN_OBJC_IMPLICIT_RETAIN_SELF = YES;
				CLANG_WARN_OBJC_LITERAL_CONVERSION = YES;
				CLANG_WARN_OBJC_ROOT_CLASS = YES_ERROR;
				CLANG_WARN_RANGE_LOOP_ANALYSIS = YES;
				CLANG_WARN_STRICT_PROTOTYPES = YES;
				CLANG_WARN_SUSPICIOUS_MOVE = YES;
				CLANG_WARN_UNGUARDED_AVAILABILITY = YES_AGGRESSIVE;
				CLANG_WARN_UNREACHABLE_CODE = YES;
				CLANG_WARN__DUPLICATE_METHOD_MATCH = YES;
				COPY_PHASE_STRIP = NO;
				DEBUG_INFORMATION_FORMAT = dwarf;
				ENABLE_STRICT_OBJC_MSGSEND = YES;
				ENABLE_TESTABILITY = YES;
				GCC_C_LANGUAGE_STANDARD = gnu11;
				GCC_DYNAMIC_NO_PIC = NO;
				GCC_NO_COMMON_BLOCKS = YES;
				GCC_OPTIMIZATION_LEVEL = 0;
				GCC_PREPROCESSOR_DEFINITIONS = (
					"DEBUG=1",
					"$(inherited)",
				);
				GCC_WARN_64_TO_32_BIT_CONVERSION = YES;
				GCC_WARN_ABOUT_RETURN_TYPE = YES_ERROR;
				GCC_WARN_UNDECLARED_SELECTOR = YES;
				GCC_WARN_UNINITIALIZED_AUTOS = YES_AGGRESSIVE;
				GCC_WARN_UNUSED_FUNCTION = YES;
				GCC_WARN_UNUSED_VARIABLE = YES;
				MACOSX_DEPLOYMENT_TARGET = 10.15;
				MTL_ENABLE_DEBUG_INFO = INCLUDE_SOURCE;
				MTL_FAST_MATH = YES;
				ONLY_ACTIVE_ARCH = YES;
				SDKROOT = macosx;
				SWIFT_ACTIVE_COMPILATION_CONDITIONS = DEBUG;
				SWIFT_OPTIMIZATION_LEVEL = "-Onone";
			};
			name = Debug;
		};
		CE8176E12493CD51002565B0 /* Release */ = {
			isa = XCBuildConfiguration;
			buildSettings = {
				ALWAYS_SEARCH_USER_PATHS = NO;
				CLANG_ANALYZER_NONNULL = YES;
				CLANG_ANALYZER_NUMBER_OBJECT_CONVERSION = YES_AGGRESSIVE;
				CLANG_CXX_LANGUAGE_STANDARD = "gnu++14";
				CLANG_CXX_LIBRARY = "libc++";
				CLANG_ENABLE_MODULES = YES;
				CLANG_ENABLE_OBJC_ARC = YES;
				CLANG_ENABLE_OBJC_WEAK = YES;
				CLANG_WARN_BLOCK_CAPTURE_AUTORELEASING = YES;
				CLANG_WARN_BOOL_CONVERSION = YES;
				CLANG_WARN_COMMA = YES;
				CLANG_WARN_CONSTANT_CONVERSION = YES;
				CLANG_WARN_DEPRECATED_OBJC_IMPLEMENTATIONS = YES;
				CLANG_WARN_DIRECT_OBJC_ISA_USAGE = YES_ERROR;
				CLANG_WARN_DOCUMENTATION_COMMENTS = YES;
				CLANG_WARN_EMPTY_BODY = YES;
				CLANG_WARN_ENUM_CONVERSION = YES;
				CLANG_WARN_INFINITE_RECURSION = YES;
				CLANG_WARN_INT_CONVERSION = YES;
				CLANG_WARN_NON_LITERAL_NULL_CONVERSION = YES;
				CLANG_WARN_OBJC_IMPLICIT_RETAIN_SELF = YES;
				CLANG_WARN_OBJC_LITERAL_CONVERSION = YES;
				CLANG_WARN_OBJC_ROOT_CLASS = YES_ERROR;
				CLANG_WARN_RANGE_LOOP_ANALYSIS = YES;
				CLANG_WARN_STRICT_PROTOTYPES = YES;
				CLANG_WARN_SUSPICIOUS_MOVE = YES;
				CLANG_WARN_UNGUARDED_AVAILABILITY = YES_AGGRESSIVE;
				CLANG_WARN_UNREACHABLE_CODE = YES;
				CLANG_WARN__DUPLICATE_METHOD_MATCH = YES;
				COPY_PHASE_STRIP = NO;
				DEBUG_INFORMATION_FORMAT = "dwarf-with-dsym";
				ENABLE_NS_ASSERTIONS = NO;
				ENABLE_STRICT_OBJC_MSGSEND = YES;
				GCC_C_LANGUAGE_STANDARD = gnu11;
				GCC_NO_COMMON_BLOCKS = YES;
				GCC_WARN_64_TO_32_BIT_CONVERSION = YES;
				GCC_WARN_ABOUT_RETURN_TYPE = YES_ERROR;
				GCC_WARN_UNDECLARED_SELECTOR = YES;
				GCC_WARN_UNINITIALIZED_AUTOS = YES_AGGRESSIVE;
				GCC_WARN_UNUSED_FUNCTION = YES;
				GCC_WARN_UNUSED_VARIABLE = YES;
				MACOSX_DEPLOYMENT_TARGET = 10.15;
				MTL_ENABLE_DEBUG_INFO = NO;
				MTL_FAST_MATH = YES;
				SDKROOT = macosx;
				SWIFT_COMPILATION_MODE = wholemodule;
				SWIFT_OPTIMIZATION_LEVEL = "-O";
			};
			name = Release;
		};
		CE8176E32493CD51002565B0 /* Debug */ = {
			isa = XCBuildConfiguration;
			buildSettings = {
				ASSETCATALOG_COMPILER_APPICON_NAME = AppIcon;
				CODE_SIGN_ENTITLEMENTS = IHaven/IHaven.entitlements;
				CODE_SIGN_IDENTITY = "Apple Development";
				CODE_SIGN_STYLE = Automatic;
				COMBINE_HIDPI_IMAGES = YES;
				DEVELOPMENT_ASSET_PATHS = "\"IHaven/Preview Content\"";
				DEVELOPMENT_TEAM = 4U74V57SHJ;
				ENABLE_HARDENED_RUNTIME = YES;
				ENABLE_PREVIEWS = YES;
				INFOPLIST_FILE = IHaven/Info.plist;
				LD_RUNPATH_SEARCH_PATHS = (
					"$(inherited)",
					"@executable_path/../Frameworks",
				);
				MACOSX_DEPLOYMENT_TARGET = 10.15;
				PRODUCT_BUNDLE_IDENTIFIER = cn.laxse.IHaven;
				PRODUCT_NAME = "$(TARGET_NAME)";
				SWIFT_VERSION = 5.0;
			};
			name = Debug;
		};
		CE8176E42493CD51002565B0 /* Release */ = {
			isa = XCBuildConfiguration;
			buildSettings = {
				ASSETCATALOG_COMPILER_APPICON_NAME = AppIcon;
				CODE_SIGN_ENTITLEMENTS = IHaven/IHaven.entitlements;
				CODE_SIGN_IDENTITY = "Apple Development";
				CODE_SIGN_STYLE = Automatic;
				COMBINE_HIDPI_IMAGES = YES;
				DEVELOPMENT_ASSET_PATHS = "\"IHaven/Preview Content\"";
				DEVELOPMENT_TEAM = 4U74V57SHJ;
				ENABLE_HARDENED_RUNTIME = YES;
				ENABLE_PREVIEWS = YES;
				INFOPLIST_FILE = IHaven/Info.plist;
				LD_RUNPATH_SEARCH_PATHS = (
					"$(inherited)",
					"@executable_path/../Frameworks",
				);
				MACOSX_DEPLOYMENT_TARGET = 10.15;
				PRODUCT_BUNDLE_IDENTIFIER = cn.laxse.IHaven;
				PRODUCT_NAME = "$(TARGET_NAME)";
				SWIFT_VERSION = 5.0;
			};
			name = Release;
		};
/* End XCBuildConfiguration section */

/* Begin XCConfigurationList section */
		CE8176CA2493CD50002565B0 /* Build configuration list for PBXProject "IHaven" */ = {
			isa = XCConfigurationList;
			buildConfigurations = (
				CE8176E02493CD51002565B0 /* Debug */,
				CE8176E12493CD51002565B0 /* Release */,
			);
			defaultConfigurationIsVisible = 0;
			defaultConfigurationName = Release;
		};
		CE8176E22493CD51002565B0 /* Build configuration list for PBXNativeTarget "IHaven" */ = {
			isa = XCConfigurationList;
			buildConfigurations = (
				CE8176E32493CD51002565B0 /* Debug */,
				CE8176E42493CD51002565B0 /* Release */,
			);
			defaultConfigurationIsVisible = 0;
			defaultConfigurationName = Release;
		};
/* End XCConfigurationList section */

/* Begin XCRemoteSwiftPackageReference section */
		CEDCABEE2498E3A7003609C1 /* XCRemoteSwiftPackageReference "SDWebImageSwiftUI" */ = {
			isa = XCRemoteSwiftPackageReference;
			repositoryURL = "https://github.com/SDWebImage/SDWebImageSwiftUI";
			requirement = {
				kind = upToNextMajorVersion;
				minimumVersion = 1.5.0;
			};
		};
		CEDCABF4249A442A003609C1 /* XCRemoteSwiftPackageReference "Alamofire" */ = {
			isa = XCRemoteSwiftPackageReference;
			repositoryURL = "https://github.com/Alamofire/Alamofire";
			requirement = {
				kind = upToNextMajorVersion;
				minimumVersion = 5.2.1;
			};
		};
/* End XCRemoteSwiftPackageReference section */

/* Begin XCSwiftPackageProductDependency section */
		CEDCABEF2498E3A7003609C1 /* SDWebImageSwiftUI */ = {
			isa = XCSwiftPackageProductDependency;
			package = CEDCABEE2498E3A7003609C1 /* XCRemoteSwiftPackageReference "SDWebImageSwiftUI" */;
			productName = SDWebImageSwiftUI;
		};
		CEDCABF5249A442A003609C1 /* Alamofire */ = {
			isa = XCSwiftPackageProductDependency;
			package = CEDCABF4249A442A003609C1 /* XCRemoteSwiftPackageReference "Alamofire" */;
			productName = Alamofire;
		};
/* End XCSwiftPackageProductDependency section */
	};
	rootObject = CE8176C72493CD50002565B0 /* Project object */;
}
